
Microsoft Visual Studio Solution File, Format Version 12.00
# Visual Studio Version 17
VisualStudioVersion = 17.0.31903.59
MinimumVisualStudioVersion = 10.0.40219.1
Project("{FAE04EC0-301F-11D3-BF4B-00C04F79EFBC}") = "Domain", "Domain\Domain.csproj", "{BAE5B28E-E407-4B9C-A1CB-E33E0E2F62D7}"
EndProject
Project("{FAE04EC0-301F-11D3-BF4B-00C04F79EFBC}") = "Models", "Models\Models.csproj", "{E5B3E8EA-F92E-48C1-A244-84C94D17448A}"
EndProject
Project("{FAE04EC0-301F-11D3-BF4B-00C04F79EFBC}") = "Services", "Services\Services.csproj", "{461EDC0A-9B22-4CC6-BB64-1EF626129F23}"
EndProject
Project("{FAE04EC0-301F-11D3-BF4B-00C04F79EFBC}") = "DataAccess", "DataAccess\DataAccess.csproj", "{1D603444-1452-48A6-8E7C-5264B4206E6D}"
EndProject
Project("{FAE04EC0-301F-11D3-BF4B-00C04F79EFBC}") = "WebApi", "WebApi\WebApi.csproj", "{1B93F7EA-4B65-4CCD-A1B1-EBC062BE1D80}"
EndProject
Project("{2150E333-8FDC-42A3-9474-1A3956D46DE8}") = "Tests", "Tests", "{AD24BEAD-A07C-4584-A681-6639C2FB7E2D}"
EndProject
Global
	GlobalSection(SolutionConfigurationPlatforms) = preSolution
		Debug|Any CPU = Debug|Any CPU
		Release|Any CPU = Release|Any CPU
	EndGlobalSection
	GlobalSection(ProjectConfigurationPlatforms) = postSolution
		{BAE5B28E-E407-4B9C-A1CB-E33E0E2F62D7}.Debug|Any CPU.ActiveCfg = Debug|Any CPU
		{BAE5B28E-E407-4B9C-A1CB-E33E0E2F62D7}.Debug|Any CPU.Build.0 = Debug|Any CPU
		{BAE5B28E-E407-4B9C-A1CB-E33E0E2F62D7}.Release|Any CPU.ActiveCfg = Release|Any CPU
		{BAE5B28E-E407-4B9C-A1CB-E33E0E2F62D7}.Release|Any CPU.Build.0 = Release|Any CPU
		{E5B3E8EA-F92E-48C1-A244-84C94D17448A}.Debug|Any CPU.ActiveCfg = Debug|Any CPU
		{E5B3E8EA-F92E-48C1-A244-84C94D17448A}.Debug|Any CPU.Build.0 = Debug|Any CPU
		{E5B3E8EA-F92E-48C1-A244-84C94D17448A}.Release|Any CPU.ActiveCfg = Release|Any CPU
		{E5B3E8EA-F92E-48C1-A244-84C94D17448A}.Release|Any CPU.Build.0 = Release|Any CPU
		{461EDC0A-9B22-4CC6-BB64-1EF626129F23}.Debug|Any CPU.ActiveCfg = Debug|Any CPU
		{461EDC0A-9B22-4CC6-BB64-1EF626129F23}.Debug|Any CPU.Build.0 = Debug|Any CPU
		{461EDC0A-9B22-4CC6-BB64-1EF626129F23}.Release|Any CPU.ActiveCfg = Release|Any CPU
		{461EDC0A-9B22-4CC6-BB64-1EF626129F23}.Release|Any CPU.Build.0 = Release|Any CPU
		{1D603444-1452-48A6-8E7C-5264B4206E6D}.Debug|Any CPU.ActiveCfg = Debug|Any CPU
		{1D603444-1452-48A6-8E7C-5264B4206E6D}.Debug|Any CPU.Build.0 = Debug|Any CPU
		{1D603444-1452-48A6-8E7C-5264B4206E6D}.Release|Any CPU.ActiveCfg = Release|Any CPU
		{1D603444-1452-48A6-8E7C-5264B4206E6D}.Release|Any CPU.Build.0 = Release|Any CPU
		{1B93F7EA-4B65-4CCD-A1B1-EBC062BE1D80}.Debug|Any CPU.ActiveCfg = Debug|Any CPU
		{1B93F7EA-4B65-4CCD-A1B1-EBC062BE1D80}.Debug|Any CPU.Build.0 = Debug|Any CPU
		{1B93F7EA-4B65-4CCD-A1B1-EBC062BE1D80}.Release|Any CPU.ActiveCfg = Release|Any CPU
		{1B93F7EA-4B65-4CCD-A1B1-EBC062BE1D80}.Release|Any CPU.Build.0 = Release|Any CPU
	EndGlobalSection
	GlobalSection(SolutionProperties) = preSolution
		HideSolutionNode = FALSE
	EndGlobalSection
	GlobalSection(ExtensibilityGlobals) = postSolution
		SolutionGuid = {4EFF067C-3966-40B4-A683-18ECD01F7C65}
	EndGlobalSection
EndGlobal
